<Solution>
  <Project Path="HealthCare Appointment Portal.API/HealthCare Appointment Portal.API.csproj" Id="1ae64edb-29dd-4394-a5be-ddccbc850aad" />
  <Project Path="HealthCare Appointment Portal.MVC/HealthCare Appointment Portal.MVC.csproj" Id="e979a388-aea2-4559-afa8-90ee0c42f1cc" />
  <Project Path="HealthCare Appointment Portal.Shared/HealthCare Appointment Portal.Shared.csproj" Id="65780306-a49f-4f0d-b63d-c814d73b7fee" />
</Solution>
