<Solution>
  <Project Path="HealthCareApp.AdminBlazor/HealthCareApp.AdminBlazor.csproj" Id="9e991e8b-b1c5-4e91-a827-36fb0dc1bc08" />
  <Project Path="HealthCareApp.Shared/HealthCareApp.Shared.csproj" Id="c90dbb37-3ba6-46bf-98b7-d1cfc7d2a095" />
  <Project Path="HealthCareApp.Testing/HealthCareApp.Testing.csproj" Id="d99e57e3-48ac-46d4-8d80-0c9e484b7585" />
  <Project Path="HealthCareApp/HealthCareApp.csproj" />
</Solution>
