<Solution>
  <Project Path="HealthAppMVC/HealthAppMVC.csproj" Id="0b9a05ac-5ea4-44ab-b0dc-f92ebe5f306e" />
  <Project Path="HealthAppMVCTests/HealthAppMVCTests.csproj" Id="6fc4e238-89b6-4307-aa6e-e9db3aa05bbc" />
  <Project Path="HealthAppWebApi/HealthAppWebApi.csproj" Id="7b862f23-0e0e-413f-a616-bf6ea4ce0c3c" />
  <Project Path="SharedDto/SharedDto.csproj" Id="8b53f424-952f-4aaa-b2f9-7b9139616f06" />
</Solution>
