<Solution>
  <Folder Name="/Solutionitems/">
    <File Path=".gitignore" />
  </Folder>
  <Project Path="HealthAxis API/HealthAxis.API.csproj" />
  <Project Path="HealthAxis.API.Tests/HealthAxis.API.Tests.csproj" Id="78b82159-bf2b-4e79-8c6e-8533e74a4621" />
  <Project Path="HealthAxis.Shared/HealthAxis.Shared.csproj" />
</Solution>
