<Solution>
  <Project Path="AdminWebApp/AdminWebApp.csproj" Id="ab79dcac-022b-4ac7-9328-f73115ec59dd" />
  <Project Path="Healthcare.netcore.Tests/Healthcare.netcore.Tests.csproj" />
  <Project Path="Healthcare.netcore/Healthcare.netcore.csproj" />
  <Project Path="HealthcareAxis.Shared/HealthcareAxis.Shared.csproj" />
</Solution>
